// !$*UTF8*$!
{
	archiveVersion = 1;
	classes = {
	};
	objectVersion = 56;
	objects = {

/* Begin PBXBuildFile section */
		B1A50B6C2C2F409300E40100 /* AppDelegate.swift in Sources */ = {isa = PBXBuildFile; fileRef = B1A50B6B2C2F409300E40100 /* AppDelegate.swift */; };
		B1A50B6E2C2F409300E40100 /* SceneDelegate.swift in Sources */ = {isa = PBXBuildFile; fileRef = B1A50B6D2C2F409300E40100 /* SceneDelegate.swift */; };
		B1A50B702C2F409300E40100 /* ViewController.swift in Sources */ = {isa = PBXBuildFile; fileRef = B1A50B6F2C2F409300E40100 /* ViewController.swift */; };
		B1A50B732C2F409300E40100 /* Main.storyboard in Resources */ = {isa = PBXBuildFile; fileRef = B1A50B712C2F409300E40100 /* Main.storyboard */; };
		B1A50B752C2F409500E40100 /* Assets.xcassets in Resources */ = {isa = PBXBuildFile; fileRef = B1A50B742C2F409500E40100 /* Assets.xcassets */; };
		B1A50B782C2F409500E40100 /* LaunchScreen.storyboard in Resources */ = {isa = PBXBuildFile; fileRef = B1A50B762C2F409500E40100 /* LaunchScreen.storyboard */; };
		B1A50B982C2F4B9400E40100 /* ireland@2x.png in Resources */ = {isa = PBXBuildFile; fileRef = B1A50B802C2F4B9200E40100 /* ireland@2x.png */; };
		B1A50B992C2F4B9400E40100 /* ireland@3x.png in Resources */ = {isa = PBXBuildFile; fileRef = B1A50B812C2F4B9200E40100 /* ireland@3x.png */; };
		B1A50B9A2C2F4B9400E40100 /* monaco@2x.png in Resources */ = {isa = PBXBuildFile; fileRef = B1A50B822C2F4B9200E40100 /* monaco@2x.png */; };
		B1A50B9B2C2F4B9400E40100 /* estonia@2x.png in Resources */ = {isa = PBXBuildFile; fileRef = B1A50B832C2F4B9200E40100 /* estonia@2x.png */; };
		B1A50B9C2C2F4B9400E40100 /* italy@2x.png in Resources */ = {isa = PBXBuildFile; fileRef = B1A50B842C2F4B9200E40100 /* italy@2x.png */; };
		B1A50B9D2C2F4B9400E40100 /* spain@3x.png in Resources */ = {isa = PBXBuildFile; fileRef = B1A50B852C2F4B9200E40100 /* spain@3x.png */; };
		B1A50B9E2C2F4B9400E40100 /* germany@2x.png in Resources */ = {isa = PBXBuildFile; fileRef = B1A50B862C2F4B9300E40100 /* germany@2x.png */; };
		B1A50B9F2C2F4B9400E40100 /* france@2x.png in Resources */ = {isa = PBXBuildFile; fileRef = B1A50B872C2F4B9300E40100 /* france@2x.png */; };
		B1A50BA02C2F4B9400E40100 /* nigeria@3x.png in Resources */ = {isa = PBXBuildFile; fileRef = B1A50B882C2F4B9300E40100 /* nigeria@3x.png */; };
		B1A50BA12C2F4B9400E40100 /* russia@2x.png in Resources */ = {isa = PBXBuildFile; fileRef = B1A50B892C2F4B9300E40100 /* russia@2x.png */; };
		B1A50BA22C2F4B9400E40100 /* nigeria@2x.png in Resources */ = {isa = PBXBuildFile; fileRef = B1A50B8A2C2F4B9300E40100 /* nigeria@2x.png */; };
		B1A50BA32C2F4B9400E40100 /* poland@2x.png in Resources */ = {isa = PBXBuildFile; fileRef = B1A50B8B2C2F4B9300E40100 /* poland@2x.png */; };
		B1A50BA42C2F4B9400E40100 /* france@3x.png in Resources */ = {isa = PBXBuildFile; fileRef = B1A50B8C2C2F4B9300E40100 /* france@3x.png */; };
		B1A50BA52C2F4B9400E40100 /* estonia@3x.png in Resources */ = {isa = PBXBuildFile; fileRef = B1A50B8D2C2F4B9300E40100 /* estonia@3x.png */; };
		B1A50BA62C2F4B9400E40100 /* poland@3x.png in Resources */ = {isa = PBXBuildFile; fileRef = B1A50B8E2C2F4B9300E40100 /* poland@3x.png */; };
		B1A50BA72C2F4B9400E40100 /* russia@3x.png in Resources */ = {isa = PBXBuildFile; fileRef = B1A50B8F2C2F4B9300E40100 /* russia@3x.png */; };
		B1A50BA82C2F4B9400E40100 /* spain@2x.png in Resources */ = {isa = PBXBuildFile; fileRef = B1A50B902C2F4B9300E40100 /* spain@2x.png */; };
		B1A50BA92C2F4B9400E40100 /* uk@2x.png in Resources */ = {isa = PBXBuildFile; fileRef = B1A50B912C2F4B9300E40100 /* uk@2x.png */; };
		B1A50BAA2C2F4B9400E40100 /* us@2x.png in Resources */ = {isa = PBXBuildFile; fileRef = B1A50B922C2F4B9400E40100 /* us@2x.png */; };
		B1A50BAB2C2F4B9400E40100 /* us@3x.png in Resources */ = {isa = PBXBuildFile; fileRef = B1A50B932C2F4B9400E40100 /* us@3x.png */; };
		B1A50BAC2C2F4B9400E40100 /* uk@3x.png in Resources */ = {isa = PBXBuildFile; fileRef = B1A50B942C2F4B9400E40100 /* uk@3x.png */; };
		B1A50BAD2C2F4B9400E40100 /* monaco@3x.png in Resources */ = {isa = PBXBuildFile; fileRef = B1A50B952C2F4B9400E40100 /* monaco@3x.png */; };
		B1A50BAE2C2F4B9400E40100 /* germany@3x.png in Resources */ = {isa = PBXBuildFile; fileRef = B1A50B962C2F4B9400E40100 /* germany@3x.png */; };
		B1A50BAF2C2F4B9400E40100 /* italy@3x.png in Resources */ = {isa = PBXBuildFile; fileRef = B1A50B972C2F4B9400E40100 /* italy@3x.png */; };
		B1A50BB12C35937000E40100 /* DetailViewController.swift in Sources */ = {isa = PBXBuildFile; fileRef = B1A50BB02C35937000E40100 /* DetailViewController.swift */; };
/* End PBXBuildFile section */

/* Begin PBXFileReference section */
		B1A50B682C2F409300E40100 /* Challenge 1 - 100 days of swift.app */ = {isa = PBXFileReference; explicitFileType = wrapper.application; includeInIndex = 0; path = "Challenge 1 - 100 days of swift.app"; sourceTree = BUILT_PRODUCTS_DIR; };
		B1A50B6B2C2F409300E40100 /* AppDelegate.swift */ = {isa = PBXFileReference; lastKnownFileType = sourcecode.swift; path = AppDelegate.swift; sourceTree = "<group>"; };
		B1A50B6D2C2F409300E40100 /* SceneDelegate.swift */ = {isa = PBXFileReference; lastKnownFileType = sourcecode.swift; path = SceneDelegate.swift; sourceTree = "<group>"; };
		B1A50B6F2C2F409300E40100 /* ViewController.swift */ = {isa = PBXFileReference; lastKnownFileType = sourcecode.swift; path = ViewController.swift; sourceTree = "<group>"; };
		B1A50B722C2F409300E40100 /* Base */ = {isa = PBXFileReference; lastKnownFileType = file.storyboard; name = Base; path = Base.lproj/Main.storyboard; sourceTree = "<group>"; };
		B1A50B742C2F409500E40100 /* Assets.xcassets */ = {isa = PBXFileReference; lastKnownFileType = folder.assetcatalog; path = Assets.xcassets; sourceTree = "<group>"; };
		B1A50B772C2F409500E40100 /* Base */ = {isa = PBXFileReference; lastKnownFileType = file.storyboard; name = Base; path = Base.lproj/LaunchScreen.storyboard; sourceTree = "<group>"; };
		B1A50B792C2F409500E40100 /* Info.plist */ = {isa = PBXFileReference; lastKnownFileType = text.plist.xml; path = Info.plist; sourceTree = "<group>"; };
		B1A50B802C2F4B9200E40100 /* ireland@2x.png */ = {isa = PBXFileReference; lastKnownFileType = image.png; path = "ireland@2x.png"; sourceTree = "<group>"; };
		B1A50B812C2F4B9200E40100 /* ireland@3x.png */ = {isa = PBXFileReference; lastKnownFileType = image.png; path = "ireland@3x.png"; sourceTree = "<group>"; };
		B1A50B822C2F4B9200E40100 /* monaco@2x.png */ = {isa = PBXFileReference; lastKnownFileType = image.png; path = "monaco@2x.png"; sourceTree = "<group>"; };
		B1A50B832C2F4B9200E40100 /* estonia@2x.png */ = {isa = PBXFileReference; lastKnownFileType = image.png; path = "estonia@2x.png"; sourceTree = "<group>"; };
		B1A50B842C2F4B9200E40100 /* italy@2x.png */ = {isa = PBXFileReference; lastKnownFileType = image.png; path = "italy@2x.png"; sourceTree = "<group>"; };
		B1A50B852C2F4B9200E40100 /* spain@3x.png */ = {isa = PBXFileReference; lastKnownFileType = image.png; path = "spain@3x.png"; sourceTree = "<group>"; };
		B1A50B862C2F4B9300E40100 /* germany@2x.png */ = {isa = PBXFileReference; lastKnownFileType = image.png; path = "germany@2x.png"; sourceTree = "<group>"; };
		B1A50B872C2F4B9300E40100 /* france@2x.png */ = {isa = PBXFileReference; lastKnownFileType = image.png; path = "france@2x.png"; sourceTree = "<group>"; };
		B1A50B882C2F4B9300E40100 /* nigeria@3x.png */ = {isa = PBXFileReference; lastKnownFileType = image.png; path = "nigeria@3x.png"; sourceTree = "<group>"; };
		B1A50B892C2F4B9300E40100 /* russia@2x.png */ = {isa = PBXFileReference; lastKnownFileType = image.png; path = "russia@2x.png"; sourceTree = "<group>"; };
		B1A50B8A2C2F4B9300E40100 /* nigeria@2x.png */ = {isa = PBXFileReference; lastKnownFileType = image.png; path = "nigeria@2x.png"; sourceTree = "<group>"; };
		B1A50B8B2C2F4B9300E40100 /* poland@2x.png */ = {isa = PBXFileReference; lastKnownFileType = image.png; path = "poland@2x.png"; sourceTree = "<group>"; };
		B1A50B8C2C2F4B9300E40100 /* france@3x.png */ = {isa = PBXFileReference; lastKnownFileType = image.png; path = "france@3x.png"; sourceTree = "<group>"; };
		B1A50B8D2C2F4B9300E40100 /* estonia@3x.png */ = {isa = PBXFileReference; lastKnownFileType = image.png; path = "estonia@3x.png"; sourceTree = "<group>"; };
		B1A50B8E2C2F4B9300E40100 /* poland@3x.png */ = {isa = PBXFileReference; lastKnownFileType = image.png; path = "poland@3x.png"; sourceTree = "<group>"; };
		B1A50B8F2C2F4B9300E40100 /* russia@3x.png */ = {isa = PBXFileReference; lastKnownFileType = image.png; path = "russia@3x.png"; sourceTree = "<group>"; };
		B1A50B902C2F4B9300E40100 /* spain@2x.png */ = {isa = PBXFileReference; lastKnownFileType = image.png; path = "spain@2x.png"; sourceTree = "<group>"; };
		B1A50B912C2F4B9300E40100 /* uk@2x.png */ = {isa = PBXFileReference; lastKnownFileType = image.png; path = "uk@2x.png"; sourceTree = "<group>"; };
		B1A50B922C2F4B9400E40100 /* us@2x.png */ = {isa = PBXFileReference; lastKnownFileType = image.png; path = "us@2x.png"; sourceTree = "<group>"; };
		B1A50B932C2F4B9400E40100 /* us@3x.png */ = {isa = PBXFileReference; lastKnownFileType = image.png; path = "us@3x.png"; sourceTree = "<group>"; };
		B1A50B942C2F4B9400E40100 /* uk@3x.png */ = {isa = PBXFileReference; lastKnownFileType = image.png; path = "uk@3x.png"; sourceTree = "<group>"; };
		B1A50B952C2F4B9400E40100 /* monaco@3x.png */ = {isa = PBXFileReference; lastKnownFileType = image.png; path = "monaco@3x.png"; sourceTree = "<group>"; };
		B1A50B962C2F4B9400E40100 /* germany@3x.png */ = {isa = PBXFileReference; lastKnownFileType = image.png; path = "germany@3x.png"; sourceTree = "<group>"; };
		B1A50B972C2F4B9400E40100 /* italy@3x.png */ = {isa = PBXFileReference; lastKnownFileType = image.png; path = "italy@3x.png"; sourceTree = "<group>"; };
		B1A50BB02C35937000E40100 /* DetailViewController.swift */ = {isa = PBXFileReference; lastKnownFileType = sourcecode.swift; path = DetailViewController.swift; sourceTree = "<group>"; };
/* End PBXFileReference section */

/* Begin PBXFrameworksBuildPhase section */
		B1A50B652C2F409300E40100 /* Frameworks */ = {
			isa = PBXFrameworksBuildPhase;
			buildActionMask = 2147483647;
			files = (
			);
			runOnlyForDeploymentPostprocessing = 0;
		};
/* End PBXFrameworksBuildPhase section */

/* Begin PBXGroup section */
		B1A50B5F2C2F409300E40100 = {
			isa = PBXGroup;
			children = (
				B1A50B6A2C2F409300E40100 /* Challenge 1 - 100 days of swift */,
				B1A50B692C2F409300E40100 /* Products */,
			);
			sourceTree = "<group>";
		};
		B1A50B692C2F409300E40100 /* Products */ = {
			isa = PBXGroup;
			children = (
				B1A50B682C2F409300E40100 /* Challenge 1 - 100 days of swift.app */,
			);
			name = Products;
			sourceTree = "<group>";
		};
		B1A50B6A2C2F409300E40100 /* Challenge 1 - 100 days of swift */ = {
			isa = PBXGroup;
			children = (
				B1A50B7F2C2F4B7500E40100 /* Flags */,
				B1A50B6B2C2F409300E40100 /* AppDelegate.swift */,
				B1A50B6D2C2F409300E40100 /* SceneDelegate.swift */,
				B1A50B6F2C2F409300E40100 /* ViewController.swift */,
				B1A50BB02C35937000E40100 /* DetailViewController.swift */,
				B1A50B712C2F409300E40100 /* Main.storyboard */,
				B1A50B742C2F409500E40100 /* Assets.xcassets */,
				B1A50B762C2F409500E40100 /* LaunchScreen.storyboard */,
				B1A50B792C2F409500E40100 /* Info.plist */,
			);
			path = "Challenge 1 - 100 days of swift";
			sourceTree = "<group>";
		};
		B1A50B7F2C2F4B7500E40100 /* Flags */ = {
			isa = PBXGroup;
			children = (
				B1A50B832C2F4B9200E40100 /* estonia@2x.png */,
				B1A50B8D2C2F4B9300E40100 /* estonia@3x.png */,
				B1A50B872C2F4B9300E40100 /* france@2x.png */,
				B1A50B8C2C2F4B9300E40100 /* france@3x.png */,
				B1A50B862C2F4B9300E40100 /* germany@2x.png */,
				B1A50B962C2F4B9400E40100 /* germany@3x.png */,
				B1A50B802C2F4B9200E40100 /* ireland@2x.png */,
				B1A50B812C2F4B9200E40100 /* ireland@3x.png */,
				B1A50B842C2F4B9200E40100 /* italy@2x.png */,
				B1A50B972C2F4B9400E40100 /* italy@3x.png */,
				B1A50B822C2F4B9200E40100 /* monaco@2x.png */,
				B1A50B952C2F4B9400E40100 /* monaco@3x.png */,
				B1A50B8A2C2F4B9300E40100 /* nigeria@2x.png */,
				B1A50B882C2F4B9300E40100 /* nigeria@3x.png */,
				B1A50B8B2C2F4B9300E40100 /* poland@2x.png */,
				B1A50B8E2C2F4B9300E40100 /* poland@3x.png */,
				B1A50B892C2F4B9300E40100 /* russia@2x.png */,
				B1A50B8F2C2F4B9300E40100 /* russia@3x.png */,
				B1A50B902C2F4B9300E40100 /* spain@2x.png */,
				B1A50B852C2F4B9200E40100 /* spain@3x.png */,
				B1A50B912C2F4B9300E40100 /* uk@2x.png */,
				B1A50B942C2F4B9400E40100 /* uk@3x.png */,
				B1A50B922C2F4B9400E40100 /* us@2x.png */,
				B1A50B932C2F4B9400E40100 /* us@3x.png */,
			);
			path = Flags;
			sourceTree = "<group>";
		};
/* End PBXGroup section */

/* Begin PBXNativeTarget section */
		B1A50B672C2F409300E40100 /* Challenge 1 - 100 days of swift */ = {
			isa = PBXNativeTarget;
			buildConfigurationList = B1A50B7C2C2F409500E40100 /* Build configuration list for PBXNativeTarget "Challenge 1 - 100 days of swift" */;
			buildPhases = (
				B1A50B642C2F409300E40100 /* Sources */,
				B1A50B652C2F409300E40100 /* Frameworks */,
				B1A50B662C2F409300E40100 /* Resources */,
			);
			buildRules = (
			);
			dependencies = (
			);
			name = "Challenge 1 - 100 days of swift";
			productName = "Challenge 1 - 100 days of swift";
			productReference = B1A50B682C2F409300E40100 /* Challenge 1 - 100 days of swift.app */;
			productType = "com.apple.product-type.application";
		};
/* End PBXNativeTarget section */

/* Begin PBXProject section */
		B1A50B602C2F409300E40100 /* Project object */ = {
			isa = PBXProject;
			attributes = {
				BuildIndependentTargetsInParallel = 1;
				LastSwiftUpdateCheck = 1520;
				LastUpgradeCheck = 1520;
				TargetAttributes = {
					B1A50B672C2F409300E40100 = {
						CreatedOnToolsVersion = 15.2;
					};
				};
			};
			buildConfigurationList = B1A50B632C2F409300E40100 /* Build configuration list for PBXProject "Challenge 1 - 100 days of swift" */;
			compatibilityVersion = "Xcode 14.0";
			developmentRegion = en;
			hasScannedForEncodings = 0;
			knownRegions = (
				en,
				Base,
			);
			mainGroup = B1A50B5F2C2F409300E40100;
			productRefGroup = B1A50B692C2F409300E40100 /* Products */;
			projectDirPath = "";
			projectRoot = "";
			targets = (
				B1A50B672C2F409300E40100 /* Challenge 1 - 100 days of swift */,
			);
		};
/* End PBXProject section */

/* Begin PBXResourcesBuildPhase section */
		B1A50B662C2F409300E40100 /* Resources */ = {
			isa = PBXResourcesBuildPhase;
			buildActionMask = 2147483647;
			files = (
				B1A50B782C2F409500E40100 /* LaunchScreen.storyboard in Resources */,
				B1A50B9F2C2F4B9400E40100 /* france@2x.png in Resources */,
				B1A50B752C2F409500E40100 /* Assets.xcassets in Resources */,
				B1A50BA92C2F4B9400E40100 /* uk@2x.png in Resources */,
				B1A50B982C2F4B9400E40100 /* ireland@2x.png in Resources */,
				B1A50BA22C2F4B9400E40100 /* nigeria@2x.png in Resources */,
				B1A50BA62C2F4B9400E40100 /* poland@3x.png in Resources */,
				B1A50B9B2C2F4B9400E40100 /* estonia@2x.png in Resources */,
				B1A50B9C2C2F4B9400E40100 /* italy@2x.png in Resources */,
				B1A50BAE2C2F4B9400E40100 /* germany@3x.png in Resources */,
				B1A50BA82C2F4B9400E40100 /* spain@2x.png in Resources */,
				B1A50BA72C2F4B9400E40100 /* russia@3x.png in Resources */,
				B1A50BAF2C2F4B9400E40100 /* italy@3x.png in Resources */,
				B1A50BAB2C2F4B9400E40100 /* us@3x.png in Resources */,
				B1A50B9A2C2F4B9400E40100 /* monaco@2x.png in Resources */,
				B1A50BA12C2F4B9400E40100 /* russia@2x.png in Resources */,
				B1A50BA52C2F4B9400E40100 /* estonia@3x.png in Resources */,
				B1A50BAC2C2F4B9400E40100 /* uk@3x.png in Resources */,
				B1A50BA02C2F4B9400E40100 /* nigeria@3x.png in Resources */,
				B1A50BA42C2F4B9400E40100 /* france@3x.png in Resources */,
				B1A50BAA2C2F4B9400E40100 /* us@2x.png in Resources */,
				B1A50B992C2F4B9400E40100 /* ireland@3x.png in Resources */,
				B1A50BA32C2F4B9400E40100 /* poland@2x.png in Resources */,
				B1A50B9D2C2F4B9400E40100 /* spain@3x.png in Resources */,
				B1A50B9E2C2F4B9400E40100 /* germany@2x.png in Resources */,
				B1A50BAD2C2F4B9400E40100 /* monaco@3x.png in Resources */,
				B1A50B732C2F409300E40100 /* Main.storyboard in Resources */,
			);
			runOnlyForDeploymentPostprocessing = 0;
		};
/* End PBXResourcesBuildPhase section */

/* Begin PBXSourcesBuildPhase section */
		B1A50B642C2F409300E40100 /* Sources */ = {
			isa = PBXSourcesBuildPhase;
			buildActionMask = 2147483647;
			files = (
				B1A50B702C2F409300E40100 /* ViewController.swift in Sources */,
				B1A50B6C2C2F409300E40100 /* AppDelegate.swift in Sources */,
				B1A50B6E2C2F409300E40100 /* SceneDelegate.swift in Sources */,
				B1A50BB12C35937000E40100 /* DetailViewController.swift in Sources */,
			);
			runOnlyForDeploymentPostprocessing = 0;
		};
/* End PBXSourcesBuildPhase section */

/* Begin PBXVariantGroup section */
		B1A50B712C2F409300E40100 /* Main.storyboard */ = {
			isa = PBXVariantGroup;
			children = (
				B1A50B722C2F409300E40100 /* Base */,
			);
			name = Main.storyboard;
			sourceTree = "<group>";
		};
		B1A50B762C2F409500E40100 /* LaunchScreen.storyboard */ = {
			isa = PBXVariantGroup;
			children = (
				B1A50B772C2F409500E40100 /* Base */,
			);
			name = LaunchScreen.storyboard;
			sourceTree = "<group>";
		};
/* End PBXVariantGroup section */

/* Begin XCBuildConfiguration section */
		B1A50B7A2C2F409500E40100 /* Debug */ = {
			isa = XCBuildConfiguration;
			buildSettings = {
				ALWAYS_SEARCH_USER_PATHS = NO;
				ASSETCATALOG_COMPILER_GENERATE_SWIFT_ASSET_SYMBOL_EXTENSIONS = YES;
				CLANG_ANALYZER_NONNULL = YES;
				CLANG_ANALYZER_NUMBER_OBJECT_CONVERSION = YES_AGGRESSIVE;
				CLANG_CXX_LANGUAGE_STANDARD = "gnu++20";
				CLANG_ENABLE_MODULES = YES;
				CLANG_ENABLE_OBJC_ARC = YES;
				CLANG_ENABLE_OBJC_WEAK = YES;
				CLANG_WARN_BLOCK_CAPTURE_AUTORELEASING = YES;
				CLANG_WARN_BOOL_CONVERSION = YES;
				CLANG_WARN_COMMA = YES;
				CLANG_WARN_CONSTANT_CONVERSION = YES;
				CLANG_WARN_DEPRECATED_OBJC_IMPLEMENTATIONS = YES;
				CLANG_WARN_DIRECT_OBJC_ISA_USAGE = YES_ERROR;
				CLANG_WARN_DOCUMENTATION_COMMENTS = YES;
				CLANG_WARN_EMPTY_BODY = YES;
				CLANG_WARN_ENUM_CONVERSION = YES;
				CLANG_WARN_INFINITE_RECURSION = YES;
				CLANG_WARN_INT_CONVERSION = YES;
				CLANG_WARN_NON_LITERAL_NULL_CONVERSION = YES;
				CLANG_WARN_OBJC_IMPLICIT_RETAIN_SELF = YES;
				CLANG_WARN_OBJC_LITERAL_CONVERSION = YES;
				CLANG_WARN_OBJC_ROOT_CLASS = YES_ERROR;
				CLANG_WARN_QUOTED_INCLUDE_IN_FRAMEWORK_HEADER = YES;
				CLANG_WARN_RANGE_LOOP_ANALYSIS = YES;
				CLANG_WARN_STRICT_PROTOTYPES = YES;
				CLANG_WARN_SUSPICIOUS_MOVE = YES;
				CLANG_WARN_UNGUARDED_AVAILABILITY = YES_AGGRESSIVE;
				CLANG_WARN_UNREACHABLE_CODE = YES;
				CLANG_WARN__DUPLICATE_METHOD_MATCH = YES;
				COPY_PHASE_STRIP = NO;
				DEBUG_INFORMATION_FORMAT = dwarf;
				ENABLE_STRICT_OBJC_MSGSEND = YES;
				ENABLE_TESTABILITY = YES;
				ENABLE_USER_SCRIPT_SANDBOXING = YES;
				GCC_C_LANGUAGE_STANDARD = gnu17;
				GCC_DYNAMIC_NO_PIC = NO;
				GCC_NO_COMMON_BLOCKS = YES;
				GCC_OPTIMIZATION_LEVEL = 0;
				GCC_PREPROCESSOR_DEFINITIONS = (
					"DEBUG=1",
					"$(inherited)",
				);
				GCC_WARN_64_TO_32_BIT_CONVERSION = YES;
				GCC_WARN_ABOUT_RETURN_TYPE = YES_ERROR;
				GCC_WARN_UNDECLARED_SELECTOR = YES;
				GCC_WARN_UNINITIALIZED_AUTOS = YES_AGGRESSIVE;
				GCC_WARN_UNUSED_FUNCTION = YES;
				GCC_WARN_UNUSED_VARIABLE = YES;
				IPHONEOS_DEPLOYMENT_TARGET = 17.2;
				LOCALIZATION_PREFERS_STRING_CATALOGS = YES;
				MTL_ENABLE_DEBUG_INFO = INCLUDE_SOURCE;
				MTL_FAST_MATH = YES;
				ONLY_ACTIVE_ARCH = YES;
				SDKROOT = iphoneos;
				SWIFT_ACTIVE_COMPILATION_CONDITIONS = "DEBUG $(inherited)";
				SWIFT_OPTIMIZATION_LEVEL = "-Onone";
			};
			name = Debug;
		};
		B1A50B7B2C2F409500E40100 /* Release */ = {
			isa = XCBuildConfiguration;
			buildSettings = {
				ALWAYS_SEARCH_USER_PATHS = NO;
				ASSETCATALOG_COMPILER_GENERATE_SWIFT_ASSET_SYMBOL_EXTENSIONS = YES;
				CLANG_ANALYZER_NONNULL = YES;
				CLANG_ANALYZER_NUMBER_OBJECT_CONVERSION = YES_AGGRESSIVE;
				CLANG_CXX_LANGUAGE_STANDARD = "gnu++20";
				CLANG_ENABLE_MODULES = YES;
				CLANG_ENABLE_OBJC_ARC = YES;
				CLANG_ENABLE_OBJC_WEAK = YES;
				CLANG_WARN_BLOCK_CAPTURE_AUTORELEASING = YES;
				CLANG_WARN_BOOL_CONVERSION = YES;
				CLANG_WARN_COMMA = YES;
				CLANG_WARN_CONSTANT_CONVERSION = YES;
				CLANG_WARN_DEPRECATED_OBJC_IMPLEMENTATIONS = YES;
				CLANG_WARN_DIRECT_OBJC_ISA_USAGE = YES_ERROR;
				CLANG_WARN_DOCUMENTATION_COMMENTS = YES;
				CLANG_WARN_EMPTY_BODY = YES;
				CLANG_WARN_ENUM_CONVERSION = YES;
				CLANG_WARN_INFINITE_RECURSION = YES;
				CLANG_WARN_INT_CONVERSION = YES;
				CLANG_WARN_NON_LITERAL_NULL_CONVERSION = YES;
				CLANG_WARN_OBJC_IMPLICIT_RETAIN_SELF = YES;
				CLANG_WARN_OBJC_LITERAL_CONVERSION = YES;
				CLANG_WARN_OBJC_ROOT_CLASS = YES_ERROR;
				CLANG_WARN_QUOTED_INCLUDE_IN_FRAMEWORK_HEADER = YES;
				CLANG_WARN_RANGE_LOOP_ANALYSIS = YES;
				CLANG_WARN_STRICT_PROTOTYPES = YES;
				CLANG_WARN_SUSPICIOUS_MOVE = YES;
				CLANG_WARN_UNGUARDED_AVAILABILITY = YES_AGGRESSIVE;
				CLANG_WARN_UNREACHABLE_CODE = YES;
				CLANG_WARN__DUPLICATE_METHOD_MATCH = YES;
				COPY_PHASE_STRIP = NO;
				DEBUG_INFORMATION_FORMAT = "dwarf-with-dsym";
				ENABLE_NS_ASSERTIONS = NO;
				ENABLE_STRICT_OBJC_MSGSEND = YES;
				ENABLE_USER_SCRIPT_SANDBOXING = YES;
				GCC_C_LANGUAGE_STANDARD = gnu17;
				GCC_NO_COMMON_BLOCKS = YES;
				GCC_WARN_64_TO_32_BIT_CONVERSION = YES;
				GCC_WARN_ABOUT_RETURN_TYPE = YES_ERROR;
				GCC_WARN_UNDECLARED_SELECTOR = YES;
				GCC_WARN_UNINITIALIZED_AUTOS = YES_AGGRESSIVE;
				GCC_WARN_UNUSED_FUNCTION = YES;
				GCC_WARN_UNUSED_VARIABLE = YES;
				IPHONEOS_DEPLOYMENT_TARGET = 17.2;
				LOCALIZATION_PREFERS_STRING_CATALOGS = YES;
				MTL_ENABLE_DEBUG_INFO = NO;
				MTL_FAST_MATH = YES;
				SDKROOT = iphoneos;
				SWIFT_COMPILATION_MODE = wholemodule;
				VALIDATE_PRODUCT = YES;
			};
			name = Release;
		};
		B1A50B7D2C2F409500E40100 /* Debug */ = {
			isa = XCBuildConfiguration;
			buildSettings = {
				ASSETCATALOG_COMPILER_APPICON_NAME = AppIcon;
				ASSETCATALOG_COMPILER_GLOBAL_ACCENT_COLOR_NAME = AccentColor;
				CODE_SIGN_STYLE = Automatic;
				CURRENT_PROJECT_VERSION = 1;
				GENERATE_INFOPLIST_FILE = YES;
				INFOPLIST_FILE = "Challenge 1 - 100 days of swift/Info.plist";
				INFOPLIST_KEY_UIApplicationSupportsIndirectInputEvents = YES;
				INFOPLIST_KEY_UILaunchStoryboardName = LaunchScreen;
				INFOPLIST_KEY_UIMainStoryboardFile = Main;
				INFOPLIST_KEY_UISupportedInterfaceOrientations_iPad = "UIInterfaceOrientationPortrait UIInterfaceOrientationPortraitUpsideDown UIInterfaceOrientationLandscapeLeft UIInterfaceOrientationLandscapeRight";
				INFOPLIST_KEY_UISupportedInterfaceOrientations_iPhone = "UIInterfaceOrientationPortrait UIInterfaceOrientationLandscapeLeft UIInterfaceOrientationLandscapeRight";
				LD_RUNPATH_SEARCH_PATHS = (
					"$(inherited)",
					"@executable_path/Frameworks",
				);
				MARKETING_VERSION = 1.0;
				PRODUCT_BUNDLE_IDENTIFIER = "com.enzorossetto.Challenge-1---100-days-of-swift";
				PRODUCT_NAME = "$(TARGET_NAME)";
				SWIFT_EMIT_LOC_STRINGS = YES;
				SWIFT_VERSION = 5.0;
				TARGETED_DEVICE_FAMILY = "1,2";
			};
			name = Debug;
		};
		B1A50B7E2C2F409500E40100 /* Release */ = {
			isa = XCBuildConfiguration;
			buildSettings = {
				ASSETCATALOG_COMPILER_APPICON_NAME = AppIcon;
				ASSETCATALOG_COMPILER_GLOBAL_ACCENT_COLOR_NAME = AccentColor;
				CODE_SIGN_STYLE = Automatic;
				CURRENT_PROJECT_VERSION = 1;
				GENERATE_INFOPLIST_FILE = YES;
				INFOPLIST_FILE = "Challenge 1 - 100 days of swift/Info.plist";
				INFOPLIST_KEY_UIApplicationSupportsIndirectInputEvents = YES;
				INFOPLIST_KEY_UILaunchStoryboardName = LaunchScreen;
				INFOPLIST_KEY_UIMainStoryboardFile = Main;
				INFOPLIST_KEY_UISupportedInterfaceOrientations_iPad = "UIInterfaceOrientationPortrait UIInterfaceOrientationPortraitUpsideDown UIInterfaceOrientationLandscapeLeft UIInterfaceOrientationLandscapeRight";
				INFOPLIST_KEY_UISupportedInterfaceOrientations_iPhone = "UIInterfaceOrientationPortrait UIInterfaceOrientationLandscapeLeft UIInterfaceOrientationLandscapeRight";
				LD_RUNPATH_SEARCH_PATHS = (
					"$(inherited)",
					"@executable_path/Frameworks",
				);
				MARKETING_VERSION = 1.0;
				PRODUCT_BUNDLE_IDENTIFIER = "com.enzorossetto.Challenge-1---100-days-of-swift";
				PRODUCT_NAME = "$(TARGET_NAME)";
				SWIFT_EMIT_LOC_STRINGS = YES;
				SWIFT_VERSION = 5.0;
				TARGETED_DEVICE_FAMILY = "1,2";
			};
			name = Release;
		};
/* End XCBuildConfiguration section */

/* Begin XCConfigurationList section */
		B1A50B632C2F409300E40100 /* Build configuration list for PBXProject "Challenge 1 - 100 days of swift" */ = {
			isa = XCConfigurationList;
			buildConfigurations = (
				B1A50B7A2C2F409500E40100 /* Debug */,
				B1A50B7B2C2F409500E40100 /* Release */,
			);
			defaultConfigurationIsVisible = 0;
			defaultConfigurationName = Release;
		};
		B1A50B7C2C2F409500E40100 /* Build configuration list for PBXNativeTarget "Challenge 1 - 100 days of swift" */ = {
			isa = XCConfigurationList;
			buildConfigurations = (
				B1A50B7D2C2F409500E40100 /* Debug */,
				B1A50B7E2C2F409500E40100 /* Release */,
			);
			defaultConfigurationIsVisible = 0;
			defaultConfigurationName = Release;
		};
/* End XCConfigurationList section */
	};
	rootObject = B1A50B602C2F409300E40100 /* Project object */;
}
